
Microsoft Visual Studio Solution File, Format Version 12.00
# Visual Studio 15
VisualStudioVersion = 15.0.28307.645
MinimumVisualStudioVersion = 10.0.40219.1
Project("{FAE04EC0-301F-11D3-BF4B-00C04F79EFBC}") = "EmployeeManageWeb", "WebApplication1\EmployeeManageWeb.csproj", "{BC0CEF6E-C266-4D27-856C-E088B95EF72E}"
EndProject
Global
	GlobalSection(SolutionConfigurationPlatforms) = preSolution
		Debug|Any CPU = Debug|Any CPU
		Release|Any CPU = Release|Any CPU
	EndGlobalSection
	GlobalSection(ProjectConfigurationPlatforms) = postSolution
		{BC0CEF6E-C266-4D27-856C-E088B95EF72E}.Debug|Any CPU.ActiveCfg = Debug|Any CPU
		{BC0CEF6E-C266-4D27-856C-E088B95EF72E}.Debug|Any CPU.Build.0 = Debug|Any CPU
		{BC0CEF6E-C266-4D27-856C-E088B95EF72E}.Release|Any CPU.ActiveCfg = Release|Any CPU
		{BC0CEF6E-C266-4D27-856C-E088B95EF72E}.Release|Any CPU.Build.0 = Release|Any CPU
	EndGlobalSection
	GlobalSection(SolutionProperties) = preSolution
		HideSolutionNode = FALSE
	EndGlobalSection
	GlobalSection(ExtensibilityGlobals) = postSolution
		SolutionGuid = {64AA2A19-4274-4F6D-8705-1D67C7466F39}
	EndGlobalSection
EndGlobal
